github.com/go-audio/audio v1.0.0 h1:zS9vebldgbQqktK4H0lUqWrG8P0NxCJVqcj7ZpNnwd4=
github.com/go-audio/audio v1.0.0/go.mod h1:6uAu0+H2lHkwdGsAY+j2wHPNPpPoeg5AaEFh9FlA+Zs=
github.com/go-audio/riff v1.0.0 h1:d8iCGbDvox9BfLagY94fBynxSPHO80LmZCaOsmKxokA=
github.com/go-audio/riff v1.0.0/go.mod h1:l3cQwc85y79NQFCRB7TiPoNiaijp6q8Z0Uv38rVG498=
github.com/go-audio/wav v1.1.0 h1:jQgLtbqBzY7G+BM8fXF7AHUk1uHUviWS4X39d5rsL2g=
github.com/go-audio/wav v1.1.0/go.mod h1:mpe9qfwbScEbkd8uybLuIpTgHyrISw/OTuvjUW2iGtE=
github.com/k2-fsa/sherpa-onnx-go v1.13.2 h1:1orlwwdJcVk37OoV1gi1L6fIdeZHKJcLQjm6S5h/WWs=
github.com/k2-fsa/sherpa-onnx-go v1.13.2/go.mod h1:NyA3OsF/hmcvk4FpbXpBO9Rl/I3dlnrOB9Ny+TnhvIc=
github.com/k2-fsa/sherpa-onnx-go-linux v1.13.2 h1:w/RHaU9liD/ovA9Q5iI2lCoVjVEd4M8+uTrf54rjQPY=
github.com/k2-fsa/sherpa-onnx-go-linux v1.13.2/go.mod h1:NXEH2rsBgTdqY59YpPq6CtSBlBAXy/8a9FmpLERU97I=
github.com/k2-fsa/sherpa-onnx-go-macos v1.13.2 h1:oIIdSfU3NEMT7oq7yxoH7Rk37kekkbmr/b+7e4er1WE=
github.com/k2-fsa/sherpa-onnx-go-macos v1.13.2/go.mod h1:ZOhUAXC62Unj0ZNfu6zxSFKcW96aXf7P3BsqiUyOBbE=
github.com/k2-fsa/sherpa-onnx-go-windows v1.13.2 h1:tkfwXnmJRsChv59ZzLsycphwpvJpSkyd29aMG9kUoEE=
github.com/k2-fsa/sherpa-onnx-go-windows v1.13.2/go.mod h1:5AX7TU8+P/gInjglY1ijtWUM2b8iyR0QX4yEngzMe64=
golang.org/x/sync v0.20.0 h1:e0PTpb7pjO8GAtTs2dQ6jYa5BWYlMuX047Dco/pItO4=
golang.org/x/sync v0.20.0/go.mod h1:9xrNwdLfx4jkKbNva9FpL6vEN7evnE43NNNJQ2LF3+0=
